{
  "requires": true,
  "lockfileVersion": 1,
  "dependencies": {
    "httpntlm": {
      "version": "1.6.1",
      "resolved": "http://r.cnpmjs.org/httpntlm/download/httpntlm-1.6.1.tgz",
      "integrity": "sha1-rQFScUOi6Hc8+uapb1hla7UqNLI=",
      "requires": {
        "httpreq": "0.4.24",
        "underscore": "1.7.0"
      }
    },
    "httpreq": {
      "version": "0.4.24",
      "resolved": "http://r.cnpmjs.org/httpreq/download/httpreq-0.4.24.tgz",
      "integrity": "sha1-QzX/2CzZaWaKOUZckprGHWOTYn8="
    },
    "mime": {
      "version": "2.4.0",
      "resolved": "http://r.cnpmjs.org/mime/download/mime-2.4.0.tgz",
      "integrity": "sha1-4FH9iBNYWF8yed8zP+aU2gvP/dY="
    },
    "moment": {
      "version": "2.22.2",
      "resolved": "http://r.cnpmjs.org/moment/download/moment-2.22.2.tgz",
      "integrity": "sha1-PCV/mDn8DpP/UxSWMiOeuQeD/2Y="
    },
    "nodemailer": {
      "version": "4.7.0",
      "resolved": "http://r.cnpmjs.org/nodemailer/download/nodemailer-4.7.0.tgz",
      "integrity": "sha1-RCDgar//130GGPGE6kkEfbhPStg="
    },
    "nodemailer-fetch": {
      "version": "1.6.0",
      "resolved": "http://r.cnpmjs.org/nodemailer-fetch/download/nodemailer-fetch-1.6.0.tgz",
      "integrity": "sha1-ecSQihwPXzdbc/6IjamCj23JY6Q="
    },
    "nodemailer-shared": {
      "version": "1.1.0",
      "resolved": "http://r.cnpmjs.org/nodemailer-shared/download/nodemailer-shared-1.1.0.tgz",
      "integrity": "sha1-z1mU4v0mjQD1zw+nZ6CBae2wfsA=",
      "requires": {
        "nodemailer-fetch": "1.6.0"
      }
    },
    "nodemailer-smtp-transport": {
      "version": "2.7.4",
      "resolved": "http://r.cnpmjs.org/nodemailer-smtp-transport/download/nodemailer-smtp-transport-2.7.4.tgz",
      "integrity": "sha1-DYmvAZoUSkgP2OzJmZfZ+DjxNoU=",
      "requires": {
        "nodemailer-shared": "1.1.0",
        "nodemailer-wellknown": "0.1.10",
        "smtp-connection": "2.12.0"
      }
    },
    "nodemailer-wellknown": {
      "version": "0.1.10",
      "resolved": "http://r.cnpmjs.org/nodemailer-wellknown/download/nodemailer-wellknown-0.1.10.tgz",
      "integrity": "sha1-WG24EB2zDLRDjrVGc3pBqtDPE9U="
    },
    "smtp-connection": {
      "version": "2.12.0",
      "resolved": "http://r.cnpmjs.org/smtp-connection/download/smtp-connection-2.12.0.tgz",
      "integrity": "sha1-1275EnyyPCJZ7bHoNJwujV4tdME=",
      "requires": {
        "httpntlm": "1.6.1",
        "nodemailer-shared": "1.1.0"
      }
    },
    "underscore": {
      "version": "1.7.0",
      "resolved": "http://r.cnpmjs.org/underscore/download/underscore-1.7.0.tgz",
      "integrity": "sha1-a7rwh3UA02vjTsqlhODbn+8DUgk="
    }
  }
}
